# THIS IS AN AUTOGENERATED FILE. DO NOT EDIT THIS FILE DIRECTLY.
# yarn lockfile v1


animate.css@^3.6.1:
  version "3.6.1"
  resolved "https://registry.yarnpkg.com/animate.css/-/animate.css-3.6.1.tgz#4ea8a48556378bc8d7535224296c4c0dac9229de"

bootstrap-select@^1.13.1:
  version "1.13.1"
  resolved "https://registry.yarnpkg.com/bootstrap-select/-/bootstrap-select-1.13.1.tgz#f59c02926fb5ac6356b9d1cdbc5384c2f013d9ba"

bootstrap@^4.1.1:
  version "4.1.1"
  resolved "https://registry.yarnpkg.com/bootstrap/-/bootstrap-4.1.1.tgz#3aec85000fa619085da8d2e4983dfd67cf2114cb"

dom7@^2.0.6:
  version "2.0.6"
  resolved "https://registry.yarnpkg.com/dom7/-/dom7-2.0.6.tgz#ea9f187de68635783cd5985fde52842763632903"
  dependencies:
    ssr-window "^1.0.0"

float-labels.js@^3.3.3:
  version "3.3.3"
  resolved "https://registry.yarnpkg.com/float-labels.js/-/float-labels.js-3.3.3.tgz#c37d96621ca76d28e6d684401ad98202c5e9026b"

font-awesome@^4.7.0:
  version "4.7.0"
  resolved "https://registry.yarnpkg.com/font-awesome/-/font-awesome-4.7.0.tgz#8fa8cf0411a1a31afd07b06d2902bb9fc815a133"

hamburgers@^0.9.3:
  version "0.9.3"
  resolved "https://registry.yarnpkg.com/hamburgers/-/hamburgers-0.9.3.tgz#73b3d299652a028647ca68b2957df172c76cc636"

jquery.cookie@^1.4.1:
  version "1.4.1"
  resolved "https://registry.yarnpkg.com/jquery.cookie/-/jquery.cookie-1.4.1.tgz#d63dce209eab691fe63316db08ca9e47e0f9385b"

jquery.fancybox@^2.1.5:
  version "2.1.5"
  resolved "https://registry.yarnpkg.com/jquery.fancybox/-/jquery.fancybox-2.1.5.tgz#e7176c1ada80c0c6461a2cc149fefe5253e02c04"

jquery@^3.3.1:
  version "3.3.1"
  resolved "https://registry.yarnpkg.com/jquery/-/jquery-3.3.1.tgz#958ce29e81c9790f31be7792df5d4d95fc57fbca"

popper.js@^1.14.3:
  version "1.14.3"
  resolved "https://registry.yarnpkg.com/popper.js/-/popper.js-1.14.3.tgz#1438f98d046acf7b4d78cd502bf418ac64d4f095"

ssr-window@^1.0.0:
  version "1.0.0"
  resolved "https://registry.yarnpkg.com/ssr-window/-/ssr-window-1.0.0.tgz#8ed1b6beaa0a371ba7e74d6515d584c3f1cf973c"

swiper@^4.3.0:
  version "4.3.0"
  resolved "https://registry.yarnpkg.com/swiper/-/swiper-4.3.0.tgz#b5e1131ac473e4180353109749ff698b53f7e713"
  dependencies:
    dom7 "^2.0.6"
    ssr-window "^1.0.0"
